# This file is automatically @generated by Cargo.
# It is not intended for manual editing.
version = 3

[[package]]
name = "hashing"
version = "0.1.0"
dependencies = [
 "memmap2",
]

[[package]]
name = "libc"
version = "0.2.148"
source = "registry+https://github.com/rust-lang/crates.io-index"
checksum = "9cdc71e17332e86d2e1d38c1f99edcb6288ee11b815fb1a4b049eaa2114d369b"

[[package]]
name = "memmap2"
version = "0.8.0"
source = "registry+https://github.com/rust-lang/crates.io-index"
checksum = "43a5a03cefb0d953ec0be133036f14e109412fa594edc2f77227249db66cc3ed"
dependencies = [
 "libc",
]
